{
  "name": "davneko",
  "version": "1.0.0",
  "lockfileVersion": 2,
  "requires": true,
  "packages": {
    "": {
      "name": "davneko",
      "version": "1.0.0",
      "hasInstallScript": true,
      "license": "MIT",
      "devDependencies": {
        "ohmyfetch": "^0.4.15"
      }
    },
    "node_modules/data-uri-to-buffer": {
      "version": "4.0.0",
      "resolved": "https://registry.npmjs.org/data-uri-to-buffer/-/data-uri-to-buffer-4.0.0.tgz",
      "integrity": "sha512-Vr3mLBA8qWmcuschSLAOogKgQ/Jwxulv3RNE4FXnYWRGujzrRWQI4m12fQqRkwX06C0KanhLr4hK+GydchZsaA==",
      "dev": true,
      "engines": {
        "node": ">= 12"
      }
    },
    "node_modules/destr": {
      "version": "1.1.0",
      "resolved": "https://registry.npmjs.org/destr/-/destr-1.1.0.tgz",
      "integrity": "sha512-Ev/sqS5AzzDwlpor/5wFCDu0dYMQu/0x2D6XfAsQ0E7uQmamIgYJ6Dppo2T2EOFVkeVYWjc+PCLKaqZZ57qmLg==",
      "dev": true
    },
    "node_modules/fetch-blob": {
      "version": "3.1.4",
      "resolved": "https://registry.npmjs.org/fetch-blob/-/fetch-blob-3.1.4.tgz",
      "integrity": "sha512-Eq5Xv5+VlSrYWEqKrusxY1C3Hm/hjeAsCGVG3ft7pZahlUAChpGZT/Ms1WmSLnEAisEXszjzu/s+ce6HZB2VHA==",
      "dev": true,
      "funding": [
        {
          "type": "github",
          "url": "https://github.com/sponsors/jimmywarting"
        },
        {
          "type": "paypal",
          "url": "https://paypal.me/jimmywarting"
        }
      ],
      "dependencies": {
        "node-domexception": "^1.0.0",
        "web-streams-polyfill": "^3.0.3"
      },
      "engines": {
        "node": "^12.20 || >= 14.13"
      }
    },
    "node_modules/formdata-polyfill": {
      "version": "4.0.10",
      "resolved": "https://registry.npmjs.org/formdata-polyfill/-/formdata-polyfill-4.0.10.tgz",
      "integrity": "sha512-buewHzMvYL29jdeQTVILecSaZKnt/RJWjoZCF5OW60Z67/GmSLBkOFM7qh1PI3zFNtJbaZL5eQu1vLfazOwj4g==",
      "dev": true,
      "dependencies": {
        "fetch-blob": "^3.1.2"
      },
      "engines": {
        "node": ">=12.20.0"
      }
    },
    "node_modules/node-domexception": {
      "version": "1.0.0",
      "resolved": "https://registry.npmjs.org/node-domexception/-/node-domexception-1.0.0.tgz",
      "integrity": "sha512-/jKZoMpw0F8GRwl4/eLROPA3cfcXtLApP0QzLmUT/HuPCZWyB7IY9ZrMeKw2O/nFIqPQB3PVM9aYm0F312AXDQ==",
      "dev": true,
      "funding": [
        {
          "type": "github",
          "url": "https://github.com/sponsors/jimmywarting"
        },
        {
          "type": "github",
          "url": "https://paypal.me/jimmywarting"
        }
      ],
      "engines": {
        "node": ">=10.5.0"
      }
    },
    "node_modules/node-fetch": {
      "version": "3.2.0",
      "resolved": "https://registry.npmjs.org/node-fetch/-/node-fetch-3.2.0.tgz",
      "integrity": "sha512-8xeimMwMItMw8hRrOl3C9/xzU49HV/yE6ORew/l+dxWimO5A4Ra8ld2rerlJvc/O7et5Z1zrWsPX43v1QBjCxw==",
      "dev": true,
      "dependencies": {
        "data-uri-to-buffer": "^4.0.0",
        "fetch-blob": "^3.1.4",
        "formdata-polyfill": "^4.0.10"
      },
      "engines": {
        "node": "^12.20.0 || ^14.13.1 || >=16.0.0"
      },
      "funding": {
        "type": "opencollective",
        "url": "https://opencollective.com/node-fetch"
      }
    },
    "node_modules/ohmyfetch": {
      "version": "0.4.15",
      "resolved": "https://registry.npmjs.org/ohmyfetch/-/ohmyfetch-0.4.15.tgz",
      "integrity": "sha512-AJKiMh4s+VYLLiAQi3tZn4Zh/xYr94nOX9FLGVVdbXo7QWrrKIfGweACIKaB06PjQdZtkICzcmNN+CQSR+9vQQ==",
      "dev": true,
      "dependencies": {
        "destr": "^1.1.0",
        "node-fetch": "^3.0.0",
        "ufo": "^0.7.9",
        "undici": "^4.9.5"
      }
    },
    "node_modules/ufo": {
      "version": "0.7.9",
      "resolved": "https://registry.npmjs.org/ufo/-/ufo-0.7.9.tgz",
      "integrity": "sha512-6t9LrLk3FhqTS+GW3IqlITtfRB5JAVr5MMNjpBECfK827W+Vh5Ilw/LhTcHWrt6b3hkeBvcbjx4Ti7QVFzmcww==",
      "dev": true
    },
    "node_modules/undici": {
      "version": "4.12.2",
      "resolved": "https://registry.npmjs.org/undici/-/undici-4.12.2.tgz",
      "integrity": "sha512-RZj6SbkQFs5O/pJCboGEo6l5DTCe3Zg4r/8Z/0/2qnIv08+s6zL4akohOPMYWKc3mzwv15WTvsfMWaafZcvYoQ==",
      "dev": true,
      "engines": {
        "node": ">=12.18"
      }
    },
    "node_modules/web-streams-polyfill": {
      "version": "3.2.0",
      "resolved": "https://registry.npmjs.org/web-streams-polyfill/-/web-streams-polyfill-3.2.0.tgz",
      "integrity": "sha512-EqPmREeOzttaLRm5HS7io98goBgZ7IVz79aDvqjD0kYXLtFZTc0T/U6wHTPKyIjb+MdN7DFIIX6hgdBEpWmfPA==",
      "dev": true,
      "engines": {
        "node": ">= 8"
      }
    }
  },
  "dependencies": {
    "data-uri-to-buffer": {
      "version": "4.0.0",
      "resolved": "https://registry.npmjs.org/data-uri-to-buffer/-/data-uri-to-buffer-4.0.0.tgz",
      "integrity": "sha512-Vr3mLBA8qWmcuschSLAOogKgQ/Jwxulv3RNE4FXnYWRGujzrRWQI4m12fQqRkwX06C0KanhLr4hK+GydchZsaA==",
      "dev": true
    },
    "destr": {
      "version": "1.1.0",
      "resolved": "https://registry.npmjs.org/destr/-/destr-1.1.0.tgz",
      "integrity": "sha512-Ev/sqS5AzzDwlpor/5wFCDu0dYMQu/0x2D6XfAsQ0E7uQmamIgYJ6Dppo2T2EOFVkeVYWjc+PCLKaqZZ57qmLg==",
      "dev": true
    },
    "fetch-blob": {
      "version": "3.1.4",
      "resolved": "https://registry.npmjs.org/fetch-blob/-/fetch-blob-3.1.4.tgz",
      "integrity": "sha512-Eq5Xv5+VlSrYWEqKrusxY1C3Hm/hjeAsCGVG3ft7pZahlUAChpGZT/Ms1WmSLnEAisEXszjzu/s+ce6HZB2VHA==",
      "dev": true,
      "requires": {
        "node-domexception": "^1.0.0",
        "web-streams-polyfill": "^3.0.3"
      }
    },
    "formdata-polyfill": {
      "version": "4.0.10",
      "resolved": "https://registry.npmjs.org/formdata-polyfill/-/formdata-polyfill-4.0.10.tgz",
      "integrity": "sha512-buewHzMvYL29jdeQTVILecSaZKnt/RJWjoZCF5OW60Z67/GmSLBkOFM7qh1PI3zFNtJbaZL5eQu1vLfazOwj4g==",
      "dev": true,
      "requires": {
        "fetch-blob": "^3.1.2"
      }
    },
    "node-domexception": {
      "version": "1.0.0",
      "resolved": "https://registry.npmjs.org/node-domexception/-/node-domexception-1.0.0.tgz",
      "integrity": "sha512-/jKZoMpw0F8GRwl4/eLROPA3cfcXtLApP0QzLmUT/HuPCZWyB7IY9ZrMeKw2O/nFIqPQB3PVM9aYm0F312AXDQ==",
      "dev": true
    },
    "node-fetch": {
      "version": "3.2.0",
      "resolved": "https://registry.npmjs.org/node-fetch/-/node-fetch-3.2.0.tgz",
      "integrity": "sha512-8xeimMwMItMw8hRrOl3C9/xzU49HV/yE6ORew/l+dxWimO5A4Ra8ld2rerlJvc/O7et5Z1zrWsPX43v1QBjCxw==",
      "dev": true,
      "requires": {
        "data-uri-to-buffer": "^4.0.0",
        "fetch-blob": "^3.1.4",
        "formdata-polyfill": "^4.0.10"
      }
    },
    "ohmyfetch": {
      "version": "0.4.15",
      "resolved": "https://registry.npmjs.org/ohmyfetch/-/ohmyfetch-0.4.15.tgz",
      "integrity": "sha512-AJKiMh4s+VYLLiAQi3tZn4Zh/xYr94nOX9FLGVVdbXo7QWrrKIfGweACIKaB06PjQdZtkICzcmNN+CQSR+9vQQ==",
      "dev": true,
      "requires": {
        "destr": "^1.1.0",
        "node-fetch": "^3.0.0",
        "ufo": "^0.7.9",
        "undici": "^4.9.5"
      }
    },
    "ufo": {
      "version": "0.7.9",
      "resolved": "https://registry.npmjs.org/ufo/-/ufo-0.7.9.tgz",
      "integrity": "sha512-6t9LrLk3FhqTS+GW3IqlITtfRB5JAVr5MMNjpBECfK827W+Vh5Ilw/LhTcHWrt6b3hkeBvcbjx4Ti7QVFzmcww==",
      "dev": true
    },
    "undici": {
      "version": "4.12.2",
      "resolved": "https://registry.npmjs.org/undici/-/undici-4.12.2.tgz",
      "integrity": "sha512-RZj6SbkQFs5O/pJCboGEo6l5DTCe3Zg4r/8Z/0/2qnIv08+s6zL4akohOPMYWKc3mzwv15WTvsfMWaafZcvYoQ==",
      "dev": true
    },
    "web-streams-polyfill": {
      "version": "3.2.0",
      "resolved": "https://registry.npmjs.org/web-streams-polyfill/-/web-streams-polyfill-3.2.0.tgz",
      "integrity": "sha512-EqPmREeOzttaLRm5HS7io98goBgZ7IVz79aDvqjD0kYXLtFZTc0T/U6wHTPKyIjb+MdN7DFIIX6hgdBEpWmfPA==",
      "dev": true
    }
  }
}
